
Microsoft Visual Studio Solution File, Format Version 12.00
# Visual Studio Version 17
VisualStudioVersion = 17.14.36212.18
MinimumVisualStudioVersion = 10.0.40219.1
Project("{FAE04EC0-301F-11D3-BF4B-00C04F79EFBC}") = "HiokiParserMark1", "HiokiParserMark1\HiokiParserMark1.csproj", "{CB92255C-44D8-4E22-ADAF-52C059B2D204}"
EndProject
Project("{FAE04EC0-301F-11D3-BF4B-00C04F79EFBC}") = "HiokiNL2SQLMark1", "HiokiNL2SQLMark1\HiokiNL2SQLMark1.csproj", "{B12C958C-F1FB-4BF4-BAF3-1F928D8FCB06}"
EndProject
Global
	GlobalSection(SolutionConfigurationPlatforms) = preSolution
		Debug|Any CPU = Debug|Any CPU
		Release|Any CPU = Release|Any CPU
	EndGlobalSection
	GlobalSection(ProjectConfigurationPlatforms) = postSolution
		{CB92255C-44D8-4E22-ADAF-52C059B2D204}.Debug|Any CPU.ActiveCfg = Debug|Any CPU
		{CB92255C-44D8-4E22-ADAF-52C059B2D204}.Debug|Any CPU.Build.0 = Debug|Any CPU
		{CB92255C-44D8-4E22-ADAF-52C059B2D204}.Release|Any CPU.ActiveCfg = Release|Any CPU
		{CB92255C-44D8-4E22-ADAF-52C059B2D204}.Release|Any CPU.Build.0 = Release|Any CPU
		{B12C958C-F1FB-4BF4-BAF3-1F928D8FCB06}.Debug|Any CPU.ActiveCfg = Debug|Any CPU
		{B12C958C-F1FB-4BF4-BAF3-1F928D8FCB06}.Debug|Any CPU.Build.0 = Debug|Any CPU
		{B12C958C-F1FB-4BF4-BAF3-1F928D8FCB06}.Release|Any CPU.ActiveCfg = Release|Any CPU
		{B12C958C-F1FB-4BF4-BAF3-1F928D8FCB06}.Release|Any CPU.Build.0 = Release|Any CPU
	EndGlobalSection
	GlobalSection(SolutionProperties) = preSolution
		HideSolutionNode = FALSE
	EndGlobalSection
	GlobalSection(ExtensibilityGlobals) = postSolution
		SolutionGuid = {93158ECD-8A7A-48CB-96E0-5C4739F1B7E3}
	EndGlobalSection
EndGlobal
