<Solution>
  <Configurations>
    <Platform Name="Any CPU" />
    <Platform Name="x64" />
    <Platform Name="x86" />
  </Configurations>
  <Project Path="HiokiNL2SQL.Tests/HiokiNL2SQL.Tests.csproj" />
  <Project Path="HiokiNL2SQL/HiokiNL2SQL.csproj" />
  <Project Path="HiokiParser/HiokiParser.csproj" />
  <Project Path="InterProcessIO/InterProcessIO.csproj" />
</Solution>
